<?xml version="1.0" encoding="utf-8"?>
<Project ToolsVersion="4.0" xmlns="http://schemas.microsoft.com/developer/msbuild/2003">
  <ItemGroup>
    <Filter Include="General">
      <UniqueIdentifier>{4FC737F1-C7A5-4376-A066-2A32D752A2FF}</UniqueIdentifier>
      <Extensions>cpp;c;cc;cxx;def;odl;idl;hpj;bat;asm;asmx</Extensions>
    </Filter>
  </ItemGroup>
  <ItemGroup>
    <ClCompile Include="Main_Win32.cpp">
      <Filter>General</Filter>
    </ClCompile>
    <ClCompile Include="TheApp.cpp">
      <Filter>General</Filter>
    </ClCompile>
    <ClCompile Include="Game.cpp">
      <Filter>General</Filter>
    </ClCompile>
    <ClCompile Include="GameCommon.cpp">
      <Filter>General</Filter>
    </ClCompile>
    <ClCompile Include="GameStates\GameState.cpp">
      <Filter>General</Filter>
    </ClCompile>
    <ClCompile Include="GameStates\LoadingState.cpp">
      <Filter>General</Filter>
    </ClCompile>
    <ClCompile Include="GameStates\MainMenuState.cpp">
      <Filter>General</Filter>
    </ClCompile>
    <ClCompile Include="GameStates\PlayingState.cpp">
      <Filter>General</Filter>
    </ClCompile>
    <ClCompile Include="GameStates\ReadyState.cpp">
      <Filter>General</Filter>
    </ClCompile>
    <ClCompile Include="Map\MapGenStep.cpp">
      <Filter>General</Filter>
    </ClCompile>
    <ClCompile Include="Map\MapGenStep_CellularAutomata.cpp">
      <Filter>General</Filter>
    </ClCompile>
    <ClCompile Include="Map\MapGenStep_FillAndEdge.cpp">
      <Filter>General</Filter>
    </ClCompile>
    <ClCompile Include="Map\MapGenStep_FromFile.cpp">
      <Filter>General</Filter>
    </ClCompile>
    <ClCompile Include="Map\MapGenStep_Mutate.cpp">
      <Filter>General</Filter>
    </ClCompile>
    <ClCompile Include="Definitions\TileDefinition.cpp">
      <Filter>General</Filter>
    </ClCompile>
    <ClCompile Include="Definitions\MapDefinition.cpp">
      <Filter>General</Filter>
    </ClCompile>
    <ClCompile Include="Map\Tile.cpp">
      <Filter>General</Filter>
    </ClCompile>
    <ClCompile Include="Map\Map.cpp">
      <Filter>General</Filter>
    </ClCompile>
    <ClCompile Include="Definitions\SpriteDefinitions\IsoSpriteAnimDefinition.cpp">
      <Filter>General</Filter>
    </ClCompile>
    <ClCompile Include="Definitions\SpriteDefinitions\IsoSpriteAnimSetDefinition.cpp">
      <Filter>General</Filter>
    </ClCompile>
    <ClCompile Include="Definitions\SpriteDefinitions\IsoSpriteDefinition.cpp">
      <Filter>General</Filter>
    </ClCompile>
    <ClCompile Include="Definitions\SpriteDefinitions\SpriteDefinition.cpp">
      <Filter>General</Filter>
    </ClCompile>
    <ClCompile Include="Sprites\IsoSprite.cpp">
      <Filter>General</Filter>
    </ClCompile>
    <ClCompile Include="Sprites\IsoSpriteAnim.cpp">
      <Filter>General</Filter>
    </ClCompile>
    <ClCompile Include="Sprites\IsoSpriteAnimSet.cpp">
      <Filter>General</Filter>
    </ClCompile>
    <ClCompile Include="Sprites\Sprite.cpp">
      <Filter>General</Filter>
    </ClCompile>
    <ClCompile Include="Definitions\AgentDefinition.cpp">
      <Filter>General</Filter>
    </ClCompile>
    <ClCompile Include="SimulationData.cpp">
      <Filter>General</Filter>
    </ClCompile>
    <ClCompile Include="Definitions\SimulationDefinition.cpp">
      <Filter>General</Filter>
    </ClCompile>
    <ClCompile Include="Agents\Agent.cpp">
      <Filter>General</Filter>
    </ClCompile>
    <ClCompile Include="Agents\Planner.cpp">
      <Filter>General</Filter>
    </ClCompile>
    <ClCompile Include="UI\DebugInputBox.cpp">
      <Filter>General</Filter>
    </ClCompile>
    <ClCompile Include="Entities\Bombardment.cpp">
      <Filter>General</Filter>
    </ClCompile>
    <ClCompile Include="Entities\PointOfInterest.cpp">
      <Filter>General</Filter>
    </ClCompile>
    <ClCompile Include="Entities\Fire.cpp">
      <Filter>General</Filter>
    </ClCompile>
    <ClCompile Include="Helpers\UtilityStorage.cpp">
      <Filter>General</Filter>
    </ClCompile>
    <ClCompile Include="GameStates\SimSelectState.cpp">
      <Filter>General</Filter>
    </ClCompile>
    <ClCompile Include="Helpers\AnalysisData.cpp">
      <Filter>General</Filter>
    </ClCompile>
    <ClCompile Include="GameStates\AnalysisSelectState.cpp">
      <Filter>General</Filter>
    </ClCompile>
    <ClCompile Include="GameStates\AnalysisState.cpp">
      <Filter>General</Filter>
    </ClCompile>
  </ItemGroup>
  <ItemGroup>
    <ClInclude Include="Game.hpp">
      <Filter>General</Filter>
    </ClInclude>
    <ClInclude Include="TheApp.hpp">
      <Filter>General</Filter>
    </ClInclude>
    <ClInclude Include="GameCommon.hpp">
      <Filter>General</Filter>
    </ClInclude>
    <ClInclude Include="EngineBuildPreferences.hpp">
      <Filter>General</Filter>
    </ClInclude>
    <ClInclude Include="GameStates\GameState.hpp" />
    <ClInclude Include="GameStates\LoadingState.hpp" />
    <ClInclude Include="GameStates\MainMenuState.hpp" />
    <ClInclude Include="GameStates\PlayingState.hpp" />
    <ClInclude Include="GameStates\ReadyState.hpp" />
    <ClInclude Include="Map\MapGenStep.hpp" />
    <ClInclude Include="Map\MapGenStep_CellularAutomata.hpp" />
    <ClInclude Include="Map\MapGenStep_FillAndEdge.hpp" />
    <ClInclude Include="Map\MapGenStep_FromFile.hpp" />
    <ClInclude Include="Map\MapGenStep_Mutate.hpp" />
    <ClInclude Include="Definitions\TileDefinition.hpp" />
    <ClInclude Include="Definitions\MapDefinition.hpp" />
    <ClInclude Include="Map\Tile.hpp" />
    <ClInclude Include="Map\Map.hpp" />
    <ClInclude Include="Definitions\SpriteDefinitions\IsoSpriteAnimDefinition.hpp" />
    <ClInclude Include="Definitions\SpriteDefinitions\IsoSpriteAnimSetDefinition.hpp" />
    <ClInclude Include="Definitions\SpriteDefinitions\IsoSpriteDefinition.hpp" />
    <ClInclude Include="Definitions\SpriteDefinitions\SpriteDefinition.hpp" />
    <ClInclude Include="Sprites\IsoSprite.hpp" />
    <ClInclude Include="Sprites\IsoSpriteAnim.hpp" />
    <ClInclude Include="Sprites\IsoSpriteAnimSet.hpp" />
    <ClInclude Include="Sprites\Sprite.hpp" />
    <ClInclude Include="Definitions\AgentDefinition.hpp" />
    <ClInclude Include="SimulationData.hpp" />
    <ClInclude Include="Definitions\SimulationDefinition.hpp" />
    <ClInclude Include="Agents\Agent.hpp" />
    <ClInclude Include="Agents\Planner.hpp" />
    <ClInclude Include="UI\DebugInputBox.hpp" />
    <ClInclude Include="Entities\Bombardment.hpp" />
    <ClInclude Include="Entities\PointOfInterest.hpp" />
    <ClInclude Include="Entities\Fire.hpp" />
    <ClInclude Include="Helpers\UtilityStorage.hpp" />
    <ClInclude Include="GameStates\SimSelectState.hpp" />
    <ClInclude Include="Helpers\AnalysisData.hpp" />
    <ClInclude Include="GameStates\AnalysisSelectState.hpp" />
    <ClInclude Include="GameStates\AnalysisState.hpp" />
  </ItemGroup>
</Project>